// !$*UTF8*$!
{
	archiveVersion = 1;
	classes = {
	};
	objectVersion = 46;
	objects = {

/* Begin PBXBuildFile section */
		E208D1051DB7F374009D4F62 /* MainViewTableViewCell.swift in Sources */ = {isa = PBXBuildFile; fileRef = E208D1041DB7F374009D4F62 /* MainViewTableViewCell.swift */; };
		E208D1071DB81439009D4F62 /* 1_3.jpg in Resources */ = {isa = PBXBuildFile; fileRef = E208D1061DB81439009D4F62 /* 1_3.jpg */; };
		E220B0821DA298F400B31295 /* AppDelegate.swift in Sources */ = {isa = PBXBuildFile; fileRef = E220B0811DA298F400B31295 /* AppDelegate.swift */; };
		E220B0841DA298F400B31295 /* ViewController.swift in Sources */ = {isa = PBXBuildFile; fileRef = E220B0831DA298F400B31295 /* ViewController.swift */; };
		E220B0871DA298F400B31295 /* Main.storyboard in Resources */ = {isa = PBXBuildFile; fileRef = E220B0851DA298F400B31295 /* Main.storyboard */; };
		E220B0891DA298F400B31295 /* Assets.xcassets in Resources */ = {isa = PBXBuildFile; fileRef = E220B0881DA298F400B31295 /* Assets.xcassets */; };
		E220B08C1DA298F400B31295 /* LaunchScreen.storyboard in Resources */ = {isa = PBXBuildFile; fileRef = E220B08A1DA298F400B31295 /* LaunchScreen.storyboard */; };
		E220B0941DA2991B00B31295 /* 1_1.jpg in Resources */ = {isa = PBXBuildFile; fileRef = E220B0931DA2991B00B31295 /* 1_1.jpg */; };
		E220B0961DA29A3400B31295 /* MyCollectionViewCell.swift in Sources */ = {isa = PBXBuildFile; fileRef = E220B0951DA29A3400B31295 /* MyCollectionViewCell.swift */; };
		E220B0981DA2B3A700B31295 /* 1_2.jpg in Resources */ = {isa = PBXBuildFile; fileRef = E220B0971DA2B3A700B31295 /* 1_2.jpg */; };
		E27807121DB92E47009E34CC /* plitka.jpg in Resources */ = {isa = PBXBuildFile; fileRef = E27807111DB92E47009E34CC /* plitka.jpg */; };
		E2C2CF991DB7C513008AA8A5 /* MainViewController.swift in Sources */ = {isa = PBXBuildFile; fileRef = E2C2CF981DB7C513008AA8A5 /* MainViewController.swift */; };
		E2C3B1651DBD01D2004F4874 /* plitka1.jpg in Resources */ = {isa = PBXBuildFile; fileRef = E2C3B1641DBD01D2004F4874 /* plitka1.jpg */; };
		E2C3B1671DBD49A7004F4874 /* plitka2.jpg in Resources */ = {isa = PBXBuildFile; fileRef = E2C3B1661DBD49A7004F4874 /* plitka2.jpg */; };
		E2C3B17C1DBD5320004F4874 /* 1_23.jpg in Resources */ = {isa = PBXBuildFile; fileRef = E2C3B1681DBD5320004F4874 /* 1_23.jpg */; };
		E2C3B17D1DBD5320004F4874 /* 1_22.jpg in Resources */ = {isa = PBXBuildFile; fileRef = E2C3B1691DBD5320004F4874 /* 1_22.jpg */; };
		E2C3B17E1DBD5320004F4874 /* 1_21.jpg in Resources */ = {isa = PBXBuildFile; fileRef = E2C3B16A1DBD5320004F4874 /* 1_21.jpg */; };
		E2C3B17F1DBD5320004F4874 /* 1_20.jpg in Resources */ = {isa = PBXBuildFile; fileRef = E2C3B16B1DBD5320004F4874 /* 1_20.jpg */; };
		E2C3B1801DBD5320004F4874 /* 1_19.jpg in Resources */ = {isa = PBXBuildFile; fileRef = E2C3B16C1DBD5320004F4874 /* 1_19.jpg */; };
		E2C3B1811DBD5320004F4874 /* 1_18.jpg in Resources */ = {isa = PBXBuildFile; fileRef = E2C3B16D1DBD5320004F4874 /* 1_18.jpg */; };
		E2C3B1821DBD5320004F4874 /* 1_17.jpg in Resources */ = {isa = PBXBuildFile; fileRef = E2C3B16E1DBD5320004F4874 /* 1_17.jpg */; };
		E2C3B1831DBD5320004F4874 /* 1_16.jpg in Resources */ = {isa = PBXBuildFile; fileRef = E2C3B16F1DBD5320004F4874 /* 1_16.jpg */; };
		E2C3B1841DBD5320004F4874 /* 1_15.jpg in Resources */ = {isa = PBXBuildFile; fileRef = E2C3B1701DBD5320004F4874 /* 1_15.jpg */; };
		E2C3B1851DBD5320004F4874 /* 1_14.jpg in Resources */ = {isa = PBXBuildFile; fileRef = E2C3B1711DBD5320004F4874 /* 1_14.jpg */; };
		E2C3B1861DBD5320004F4874 /* 1_13.jpg in Resources */ = {isa = PBXBuildFile; fileRef = E2C3B1721DBD5320004F4874 /* 1_13.jpg */; };
		E2C3B1871DBD5320004F4874 /* 1_12.jpg in Resources */ = {isa = PBXBuildFile; fileRef = E2C3B1731DBD5320004F4874 /* 1_12.jpg */; };
		E2C3B1881DBD5320004F4874 /* 1_11.jpg in Resources */ = {isa = PBXBuildFile; fileRef = E2C3B1741DBD5320004F4874 /* 1_11.jpg */; };
		E2C3B1891DBD5320004F4874 /* 1_10.jpg in Resources */ = {isa = PBXBuildFile; fileRef = E2C3B1751DBD5320004F4874 /* 1_10.jpg */; };
		E2C3B18A1DBD5320004F4874 /* 1_9.jpg in Resources */ = {isa = PBXBuildFile; fileRef = E2C3B1761DBD5320004F4874 /* 1_9.jpg */; };
		E2C3B18C1DBD5320004F4874 /* 1_7.jpg in Resources */ = {isa = PBXBuildFile; fileRef = E2C3B1781DBD5320004F4874 /* 1_7.jpg */; };
		E2C3B18D1DBD5320004F4874 /* 1_6.jpg in Resources */ = {isa = PBXBuildFile; fileRef = E2C3B1791DBD5320004F4874 /* 1_6.jpg */; };
		E2C3B18E1DBD5320004F4874 /* 1_5.jpg in Resources */ = {isa = PBXBuildFile; fileRef = E2C3B17A1DBD5320004F4874 /* 1_5.jpg */; };
		E2C3B18F1DBD5320004F4874 /* 1_4.jpg in Resources */ = {isa = PBXBuildFile; fileRef = E2C3B17B1DBD5320004F4874 /* 1_4.jpg */; };
		E2C3B1911DBD53CF004F4874 /* 1_8.jpg in Resources */ = {isa = PBXBuildFile; fileRef = E2C3B1901DBD53CF004F4874 /* 1_8.jpg */; };
		E2C3B19C1DBD5802004F4874 /* 2_10.jpg in Resources */ = {isa = PBXBuildFile; fileRef = E2C3B1921DBD5802004F4874 /* 2_10.jpg */; };
		E2C3B19D1DBD5802004F4874 /* 2_9.jpg in Resources */ = {isa = PBXBuildFile; fileRef = E2C3B1931DBD5802004F4874 /* 2_9.jpg */; };
		E2C3B19E1DBD5802004F4874 /* 2_8.jpg in Resources */ = {isa = PBXBuildFile; fileRef = E2C3B1941DBD5802004F4874 /* 2_8.jpg */; };
		E2C3B19F1DBD5802004F4874 /* 2_7.jpg in Resources */ = {isa = PBXBuildFile; fileRef = E2C3B1951DBD5802004F4874 /* 2_7.jpg */; };
		E2C3B1A01DBD5802004F4874 /* 2_6.jpg in Resources */ = {isa = PBXBuildFile; fileRef = E2C3B1961DBD5802004F4874 /* 2_6.jpg */; };
		E2C3B1A11DBD5802004F4874 /* 2_5.jpg in Resources */ = {isa = PBXBuildFile; fileRef = E2C3B1971DBD5802004F4874 /* 2_5.jpg */; };
		E2C3B1A21DBD5802004F4874 /* 2_2.jpg in Resources */ = {isa = PBXBuildFile; fileRef = E2C3B1981DBD5802004F4874 /* 2_2.jpg */; };
		E2C3B1A31DBD5802004F4874 /* 2_4.jpg in Resources */ = {isa = PBXBuildFile; fileRef = E2C3B1991DBD5802004F4874 /* 2_4.jpg */; };
		E2C3B1A41DBD5802004F4874 /* 2_3.jpg in Resources */ = {isa = PBXBuildFile; fileRef = E2C3B19A1DBD5802004F4874 /* 2_3.jpg */; };
		E2C3B1A51DBD5802004F4874 /* 2_1.jpg in Resources */ = {isa = PBXBuildFile; fileRef = E2C3B19B1DBD5802004F4874 /* 2_1.jpg */; };
/* End PBXBuildFile section */

/* Begin PBXFileReference section */
		E208D1041DB7F374009D4F62 /* MainViewTableViewCell.swift */ = {isa = PBXFileReference; fileEncoding = 4; lastKnownFileType = sourcecode.swift; path = MainViewTableViewCell.swift; sourceTree = "<group>"; };
		E208D1061DB81439009D4F62 /* 1_3.jpg */ = {isa = PBXFileReference; lastKnownFileType = image.jpeg; name = 1_3.jpg; path = ../../../../Downloads/1_3.jpg; sourceTree = "<group>"; };
		E220B07E1DA298F400B31295 /* NewYearNew.app */ = {isa = PBXFileReference; explicitFileType = wrapper.application; includeInIndex = 0; path = NewYearNew.app; sourceTree = BUILT_PRODUCTS_DIR; };
		E220B0811DA298F400B31295 /* AppDelegate.swift */ = {isa = PBXFileReference; lastKnownFileType = sourcecode.swift; path = AppDelegate.swift; sourceTree = "<group>"; };
		E220B0831DA298F400B31295 /* ViewController.swift */ = {isa = PBXFileReference; lastKnownFileType = sourcecode.swift; path = ViewController.swift; sourceTree = "<group>"; };
		E220B0861DA298F400B31295 /* Base */ = {isa = PBXFileReference; lastKnownFileType = file.storyboard; name = Base; path = Base.lproj/Main.storyboard; sourceTree = "<group>"; };
		E220B0881DA298F400B31295 /* Assets.xcassets */ = {isa = PBXFileReference; lastKnownFileType = folder.assetcatalog; path = Assets.xcassets; sourceTree = "<group>"; };
		E220B08B1DA298F400B31295 /* Base */ = {isa = PBXFileReference; lastKnownFileType = file.storyboard; name = Base; path = Base.lproj/LaunchScreen.storyboard; sourceTree = "<group>"; };
		E220B08D1DA298F400B31295 /* Info.plist */ = {isa = PBXFileReference; lastKnownFileType = text.plist.xml; path = Info.plist; sourceTree = "<group>"; };
		E220B0931DA2991B00B31295 /* 1_1.jpg */ = {isa = PBXFileReference; lastKnownFileType = image.jpeg; name = 1_1.jpg; path = ../../../../Downloads/1_1.jpg; sourceTree = "<group>"; };
		E220B0951DA29A3400B31295 /* MyCollectionViewCell.swift */ = {isa = PBXFileReference; fileEncoding = 4; lastKnownFileType = sourcecode.swift; path = MyCollectionViewCell.swift; sourceTree = "<group>"; };
		E220B0971DA2B3A700B31295 /* 1_2.jpg */ = {isa = PBXFileReference; lastKnownFileType = image.jpeg; name = 1_2.jpg; path = ../../../../Downloads/1_2.jpg; sourceTree = "<group>"; };
		E27807111DB92E47009E34CC /* plitka.jpg */ = {isa = PBXFileReference; lastKnownFileType = image.jpeg; name = plitka.jpg; path = ../../../../Downloads/plitka.jpg; sourceTree = "<group>"; };
		E2C2CF981DB7C513008AA8A5 /* MainViewController.swift */ = {isa = PBXFileReference; fileEncoding = 4; lastKnownFileType = sourcecode.swift; name = MainViewController.swift; path = ../MainViewController.swift; sourceTree = "<group>"; };
		E2C3B1641DBD01D2004F4874 /* plitka1.jpg */ = {isa = PBXFileReference; lastKnownFileType = image.jpeg; name = plitka1.jpg; path = ../../../../Downloads/plitka1.jpg; sourceTree = "<group>"; };
		E2C3B1661DBD49A7004F4874 /* plitka2.jpg */ = {isa = PBXFileReference; lastKnownFileType = image.jpeg; name = plitka2.jpg; path = ../../../../Downloads/plitka2.jpg; sourceTree = "<group>"; };
		E2C3B1681DBD5320004F4874 /* 1_23.jpg */ = {isa = PBXFileReference; lastKnownFileType = image.jpeg; name = 1_23.jpg; path = ../../../../Downloads/1_23.jpg; sourceTree = "<group>"; };
		E2C3B1691DBD5320004F4874 /* 1_22.jpg */ = {isa = PBXFileReference; lastKnownFileType = image.jpeg; name = 1_22.jpg; path = ../../../../Downloads/1_22.jpg; sourceTree = "<group>"; };
		E2C3B16A1DBD5320004F4874 /* 1_21.jpg */ = {isa = PBXFileReference; lastKnownFileType = image.jpeg; name = 1_21.jpg; path = ../../../../Downloads/1_21.jpg; sourceTree = "<group>"; };
		E2C3B16B1DBD5320004F4874 /* 1_20.jpg */ = {isa = PBXFileReference; lastKnownFileType = image.jpeg; name = 1_20.jpg; path = ../../../../Downloads/1_20.jpg; sourceTree = "<group>"; };
		E2C3B16C1DBD5320004F4874 /* 1_19.jpg */ = {isa = PBXFileReference; lastKnownFileType = image.jpeg; name = 1_19.jpg; path = ../../../../Downloads/1_19.jpg; sourceTree = "<group>"; };
		E2C3B16D1DBD5320004F4874 /* 1_18.jpg */ = {isa = PBXFileReference; lastKnownFileType = image.jpeg; name = 1_18.jpg; path = ../../../../Downloads/1_18.jpg; sourceTree = "<group>"; };
		E2C3B16E1DBD5320004F4874 /* 1_17.jpg */ = {isa = PBXFileReference; lastKnownFileType = image.jpeg; name = 1_17.jpg; path = ../../../../Downloads/1_17.jpg; sourceTree = "<group>"; };
		E2C3B16F1DBD5320004F4874 /* 1_16.jpg */ = {isa = PBXFileReference; lastKnownFileType = image.jpeg; name = 1_16.jpg; path = ../../../../Downloads/1_16.jpg; sourceTree = "<group>"; };
		E2C3B1701DBD5320004F4874 /* 1_15.jpg */ = {isa = PBXFileReference; lastKnownFileType = image.jpeg; name = 1_15.jpg; path = ../../../../Downloads/1_15.jpg; sourceTree = "<group>"; };
		E2C3B1711DBD5320004F4874 /* 1_14.jpg */ = {isa = PBXFileReference; lastKnownFileType = image.jpeg; name = 1_14.jpg; path = ../../../../Downloads/1_14.jpg; sourceTree = "<group>"; };
		E2C3B1721DBD5320004F4874 /* 1_13.jpg */ = {isa = PBXFileReference; lastKnownFileType = image.jpeg; name = 1_13.jpg; path = ../../../../Downloads/1_13.jpg; sourceTree = "<group>"; };
		E2C3B1731DBD5320004F4874 /* 1_12.jpg */ = {isa = PBXFileReference; lastKnownFileType = image.jpeg; name = 1_12.jpg; path = ../../../../Downloads/1_12.jpg; sourceTree = "<group>"; };
		E2C3B1741DBD5320004F4874 /* 1_11.jpg */ = {isa = PBXFileReference; lastKnownFileType = image.jpeg; name = 1_11.jpg; path = ../../../../Downloads/1_11.jpg; sourceTree = "<group>"; };
		E2C3B1751DBD5320004F4874 /* 1_10.jpg */ = {isa = PBXFileReference; lastKnownFileType = image.jpeg; name = 1_10.jpg; path = ../../../../Downloads/1_10.jpg; sourceTree = "<group>"; };
		E2C3B1761DBD5320004F4874 /* 1_9.jpg */ = {isa = PBXFileReference; lastKnownFileType = image.jpeg; name = 1_9.jpg; path = ../../../../Downloads/1_9.jpg; sourceTree = "<group>"; };
		E2C3B1781DBD5320004F4874 /* 1_7.jpg */ = {isa = PBXFileReference; lastKnownFileType = image.jpeg; name = 1_7.jpg; path = ../../../../Downloads/1_7.jpg; sourceTree = "<group>"; };
		E2C3B1791DBD5320004F4874 /* 1_6.jpg */ = {isa = PBXFileReference; lastKnownFileType = image.jpeg; name = 1_6.jpg; path = ../../../../Downloads/1_6.jpg; sourceTree = "<group>"; };
		E2C3B17A1DBD5320004F4874 /* 1_5.jpg */ = {isa = PBXFileReference; lastKnownFileType = image.jpeg; name = 1_5.jpg; path = ../../../../Downloads/1_5.jpg; sourceTree = "<group>"; };
		E2C3B17B1DBD5320004F4874 /* 1_4.jpg */ = {isa = PBXFileReference; lastKnownFileType = image.jpeg; name = 1_4.jpg; path = ../../../../Downloads/1_4.jpg; sourceTree = "<group>"; };
		E2C3B1901DBD53CF004F4874 /* 1_8.jpg */ = {isa = PBXFileReference; lastKnownFileType = image.jpeg; name = 1_8.jpg; path = ../../../../Downloads/1_8.jpg; sourceTree = "<group>"; };
		E2C3B1921DBD5802004F4874 /* 2_10.jpg */ = {isa = PBXFileReference; lastKnownFileType = image.jpeg; name = 2_10.jpg; path = ../../../../Downloads/2_10.jpg; sourceTree = "<group>"; };
		E2C3B1931DBD5802004F4874 /* 2_9.jpg */ = {isa = PBXFileReference; lastKnownFileType = image.jpeg; name = 2_9.jpg; path = ../../../../Downloads/2_9.jpg; sourceTree = "<group>"; };
		E2C3B1941DBD5802004F4874 /* 2_8.jpg */ = {isa = PBXFileReference; lastKnownFileType = image.jpeg; name = 2_8.jpg; path = ../../../../Downloads/2_8.jpg; sourceTree = "<group>"; };
		E2C3B1951DBD5802004F4874 /* 2_7.jpg */ = {isa = PBXFileReference; lastKnownFileType = image.jpeg; name = 2_7.jpg; path = ../../../../Downloads/2_7.jpg; sourceTree = "<group>"; };
		E2C3B1961DBD5802004F4874 /* 2_6.jpg */ = {isa = PBXFileReference; lastKnownFileType = image.jpeg; name = 2_6.jpg; path = ../../../../Downloads/2_6.jpg; sourceTree = "<group>"; };
		E2C3B1971DBD5802004F4874 /* 2_5.jpg */ = {isa = PBXFileReference; lastKnownFileType = image.jpeg; name = 2_5.jpg; path = ../../../../Downloads/2_5.jpg; sourceTree = "<group>"; };
		E2C3B1981DBD5802004F4874 /* 2_2.jpg */ = {isa = PBXFileReference; lastKnownFileType = image.jpeg; name = 2_2.jpg; path = ../../../../Downloads/2_2.jpg; sourceTree = "<group>"; };
		E2C3B1991DBD5802004F4874 /* 2_4.jpg */ = {isa = PBXFileReference; lastKnownFileType = image.jpeg; name = 2_4.jpg; path = ../../../../Downloads/2_4.jpg; sourceTree = "<group>"; };
		E2C3B19A1DBD5802004F4874 /* 2_3.jpg */ = {isa = PBXFileReference; lastKnownFileType = image.jpeg; name = 2_3.jpg; path = ../../../../Downloads/2_3.jpg; sourceTree = "<group>"; };
		E2C3B19B1DBD5802004F4874 /* 2_1.jpg */ = {isa = PBXFileReference; lastKnownFileType = image.jpeg; name = 2_1.jpg; path = ../../../../Downloads/2_1.jpg; sourceTree = "<group>"; };
/* End PBXFileReference section */

/* Begin PBXFrameworksBuildPhase section */
		E220B07B1DA298F400B31295 /* Frameworks */ = {
			isa = PBXFrameworksBuildPhase;
			buildActionMask = 2147483647;
			files = (
			);
			runOnlyForDeploymentPostprocessing = 0;
		};
/* End PBXFrameworksBuildPhase section */

/* Begin PBXGroup section */
		E220B0751DA298F400B31295 = {
			isa = PBXGroup;
			children = (
				E220B0801DA298F400B31295 /* NewYearNew */,
				E220B07F1DA298F400B31295 /* Products */,
			);
			sourceTree = "<group>";
		};
		E220B07F1DA298F400B31295 /* Products */ = {
			isa = PBXGroup;
			children = (
				E220B07E1DA298F400B31295 /* NewYearNew.app */,
			);
			name = Products;
			sourceTree = "<group>";
		};
		E220B0801DA298F400B31295 /* NewYearNew */ = {
			isa = PBXGroup;
			children = (
				E2C2CF9A1DB7C787008AA8A5 /* picToGame */,
				E220B0811DA298F400B31295 /* AppDelegate.swift */,
				E220B0831DA298F400B31295 /* ViewController.swift */,
				E220B0951DA29A3400B31295 /* MyCollectionViewCell.swift */,
				E2C2CF981DB7C513008AA8A5 /* MainViewController.swift */,
				E220B0851DA298F400B31295 /* Main.storyboard */,
				E220B0881DA298F400B31295 /* Assets.xcassets */,
				E220B08A1DA298F400B31295 /* LaunchScreen.storyboard */,
				E220B08D1DA298F400B31295 /* Info.plist */,
				E208D1041DB7F374009D4F62 /* MainViewTableViewCell.swift */,
				E27807111DB92E47009E34CC /* plitka.jpg */,
				E2C3B1641DBD01D2004F4874 /* plitka1.jpg */,
				E2C3B1661DBD49A7004F4874 /* plitka2.jpg */,
			);
			path = NewYearNew;
			sourceTree = "<group>";
		};
		E2C2CF9A1DB7C787008AA8A5 /* picToGame */ = {
			isa = PBXGroup;
			children = (
				E2C3B1921DBD5802004F4874 /* 2_10.jpg */,
				E2C3B1931DBD5802004F4874 /* 2_9.jpg */,
				E2C3B1941DBD5802004F4874 /* 2_8.jpg */,
				E2C3B1951DBD5802004F4874 /* 2_7.jpg */,
				E2C3B1961DBD5802004F4874 /* 2_6.jpg */,
				E2C3B1971DBD5802004F4874 /* 2_5.jpg */,
				E2C3B1981DBD5802004F4874 /* 2_2.jpg */,
				E2C3B1991DBD5802004F4874 /* 2_4.jpg */,
				E2C3B19A1DBD5802004F4874 /* 2_3.jpg */,
				E2C3B19B1DBD5802004F4874 /* 2_1.jpg */,
				E2C3B1901DBD53CF004F4874 /* 1_8.jpg */,
				E2C3B1681DBD5320004F4874 /* 1_23.jpg */,
				E2C3B1691DBD5320004F4874 /* 1_22.jpg */,
				E2C3B16A1DBD5320004F4874 /* 1_21.jpg */,
				E2C3B16B1DBD5320004F4874 /* 1_20.jpg */,
				E2C3B16C1DBD5320004F4874 /* 1_19.jpg */,
				E2C3B16D1DBD5320004F4874 /* 1_18.jpg */,
				E2C3B16E1DBD5320004F4874 /* 1_17.jpg */,
				E2C3B16F1DBD5320004F4874 /* 1_16.jpg */,
				E2C3B1701DBD5320004F4874 /* 1_15.jpg */,
				E2C3B1711DBD5320004F4874 /* 1_14.jpg */,
				E2C3B1721DBD5320004F4874 /* 1_13.jpg */,
				E2C3B1731DBD5320004F4874 /* 1_12.jpg */,
				E2C3B1741DBD5320004F4874 /* 1_11.jpg */,
				E2C3B1751DBD5320004F4874 /* 1_10.jpg */,
				E2C3B1761DBD5320004F4874 /* 1_9.jpg */,
				E2C3B1781DBD5320004F4874 /* 1_7.jpg */,
				E2C3B1791DBD5320004F4874 /* 1_6.jpg */,
				E2C3B17A1DBD5320004F4874 /* 1_5.jpg */,
				E2C3B17B1DBD5320004F4874 /* 1_4.jpg */,
				E208D1061DB81439009D4F62 /* 1_3.jpg */,
				E220B0931DA2991B00B31295 /* 1_1.jpg */,
				E220B0971DA2B3A700B31295 /* 1_2.jpg */,
			);
			name = picToGame;
			sourceTree = "<group>";
		};
/* End PBXGroup section */

/* Begin PBXNativeTarget section */
		E220B07D1DA298F400B31295 /* NewYearNew */ = {
			isa = PBXNativeTarget;
			buildConfigurationList = E220B0901DA298F400B31295 /* Build configuration list for PBXNativeTarget "NewYearNew" */;
			buildPhases = (
				E220B07A1DA298F400B31295 /* Sources */,
				E220B07B1DA298F400B31295 /* Frameworks */,
				E220B07C1DA298F400B31295 /* Resources */,
			);
			buildRules = (
			);
			dependencies = (
			);
			name = NewYearNew;
			productName = NewYearNew;
			productReference = E220B07E1DA298F400B31295 /* NewYearNew.app */;
			productType = "com.apple.product-type.application";
		};
/* End PBXNativeTarget section */

/* Begin PBXProject section */
		E220B0761DA298F400B31295 /* Project object */ = {
			isa = PBXProject;
			attributes = {
				LastSwiftUpdateCheck = 0800;
				LastUpgradeCheck = 0800;
				ORGANIZATIONNAME = "Ivan Pryadchenko";
				TargetAttributes = {
					E220B07D1DA298F400B31295 = {
						CreatedOnToolsVersion = 8.0;
						DevelopmentTeam = MGDFYF2DS8;
						ProvisioningStyle = Automatic;
					};
				};
			};
			buildConfigurationList = E220B0791DA298F400B31295 /* Build configuration list for PBXProject "NewYearNew" */;
			compatibilityVersion = "Xcode 3.2";
			developmentRegion = English;
			hasScannedForEncodings = 0;
			knownRegions = (
				en,
				Base,
			);
			mainGroup = E220B0751DA298F400B31295;
			productRefGroup = E220B07F1DA298F400B31295 /* Products */;
			projectDirPath = "";
			projectRoot = "";
			targets = (
				E220B07D1DA298F400B31295 /* NewYearNew */,
			);
		};
/* End PBXProject section */

/* Begin PBXResourcesBuildPhase section */
		E220B07C1DA298F400B31295 /* Resources */ = {
			isa = PBXResourcesBuildPhase;
			buildActionMask = 2147483647;
			files = (
				E2C3B19F1DBD5802004F4874 /* 2_7.jpg in Resources */,
				E2C3B1671DBD49A7004F4874 /* plitka2.jpg in Resources */,
				E2C3B17D1DBD5320004F4874 /* 1_22.jpg in Resources */,
				E2C3B1A01DBD5802004F4874 /* 2_6.jpg in Resources */,
				E2C3B1811DBD5320004F4874 /* 1_18.jpg in Resources */,
				E2C3B17E1DBD5320004F4874 /* 1_21.jpg in Resources */,
				E2C3B1A51DBD5802004F4874 /* 2_1.jpg in Resources */,
				E208D1071DB81439009D4F62 /* 1_3.jpg in Resources */,
				E2C3B1851DBD5320004F4874 /* 1_14.jpg in Resources */,
				E2C3B1A11DBD5802004F4874 /* 2_5.jpg in Resources */,
				E2C3B18F1DBD5320004F4874 /* 1_4.jpg in Resources */,
				E2C3B1A41DBD5802004F4874 /* 2_3.jpg in Resources */,
				E2C3B19D1DBD5802004F4874 /* 2_9.jpg in Resources */,
				E2C3B1911DBD53CF004F4874 /* 1_8.jpg in Resources */,
				E2C3B17F1DBD5320004F4874 /* 1_20.jpg in Resources */,
				E2C3B1861DBD5320004F4874 /* 1_13.jpg in Resources */,
				E2C3B17C1DBD5320004F4874 /* 1_23.jpg in Resources */,
				E2C3B1651DBD01D2004F4874 /* plitka1.jpg in Resources */,
				E220B08C1DA298F400B31295 /* LaunchScreen.storyboard in Resources */,
				E220B0941DA2991B00B31295 /* 1_1.jpg in Resources */,
				E220B0981DA2B3A700B31295 /* 1_2.jpg in Resources */,
				E2C3B1841DBD5320004F4874 /* 1_15.jpg in Resources */,
				E2C3B18C1DBD5320004F4874 /* 1_7.jpg in Resources */,
				E2C3B19C1DBD5802004F4874 /* 2_10.jpg in Resources */,
				E220B0891DA298F400B31295 /* Assets.xcassets in Resources */,
				E2C3B18A1DBD5320004F4874 /* 1_9.jpg in Resources */,
				E2C3B1891DBD5320004F4874 /* 1_10.jpg in Resources */,
				E2C3B18E1DBD5320004F4874 /* 1_5.jpg in Resources */,
				E27807121DB92E47009E34CC /* plitka.jpg in Resources */,
				E220B0871DA298F400B31295 /* Main.storyboard in Resources */,
				E2C3B1801DBD5320004F4874 /* 1_19.jpg in Resources */,
				E2C3B1A31DBD5802004F4874 /* 2_4.jpg in Resources */,
				E2C3B1821DBD5320004F4874 /* 1_17.jpg in Resources */,
				E2C3B1831DBD5320004F4874 /* 1_16.jpg in Resources */,
				E2C3B18D1DBD5320004F4874 /* 1_6.jpg in Resources */,
				E2C3B1871DBD5320004F4874 /* 1_12.jpg in Resources */,
				E2C3B1A21DBD5802004F4874 /* 2_2.jpg in Resources */,
				E2C3B1881DBD5320004F4874 /* 1_11.jpg in Resources */,
				E2C3B19E1DBD5802004F4874 /* 2_8.jpg in Resources */,
			);
			runOnlyForDeploymentPostprocessing = 0;
		};
/* End PBXResourcesBuildPhase section */

/* Begin PBXSourcesBuildPhase section */
		E220B07A1DA298F400B31295 /* Sources */ = {
			isa = PBXSourcesBuildPhase;
			buildActionMask = 2147483647;
			files = (
				E220B0841DA298F400B31295 /* ViewController.swift in Sources */,
				E220B0821DA298F400B31295 /* AppDelegate.swift in Sources */,
				E220B0961DA29A3400B31295 /* MyCollectionViewCell.swift in Sources */,
				E2C2CF991DB7C513008AA8A5 /* MainViewController.swift in Sources */,
				E208D1051DB7F374009D4F62 /* MainViewTableViewCell.swift in Sources */,
			);
			runOnlyForDeploymentPostprocessing = 0;
		};
/* End PBXSourcesBuildPhase section */

/* Begin PBXVariantGroup section */
		E220B0851DA298F400B31295 /* Main.storyboard */ = {
			isa = PBXVariantGroup;
			children = (
				E220B0861DA298F400B31295 /* Base */,
			);
			name = Main.storyboard;
			sourceTree = "<group>";
		};
		E220B08A1DA298F400B31295 /* LaunchScreen.storyboard */ = {
			isa = PBXVariantGroup;
			children = (
				E220B08B1DA298F400B31295 /* Base */,
			);
			name = LaunchScreen.storyboard;
			sourceTree = "<group>";
		};
/* End PBXVariantGroup section */

/* Begin XCBuildConfiguration section */
		E220B08E1DA298F400B31295 /* Debug */ = {
			isa = XCBuildConfiguration;
			buildSettings = {
				ALWAYS_SEARCH_USER_PATHS = NO;
				CLANG_ANALYZER_NONNULL = YES;
				CLANG_CXX_LANGUAGE_STANDARD = "gnu++0x";
				CLANG_CXX_LIBRARY = "libc++";
				CLANG_ENABLE_MODULES = YES;
				CLANG_ENABLE_OBJC_ARC = YES;
				CLANG_WARN_BOOL_CONVERSION = YES;
				CLANG_WARN_CONSTANT_CONVERSION = YES;
				CLANG_WARN_DIRECT_OBJC_ISA_USAGE = YES_ERROR;
				CLANG_WARN_DOCUMENTATION_COMMENTS = YES;
				CLANG_WARN_EMPTY_BODY = YES;
				CLANG_WARN_ENUM_CONVERSION = YES;
				CLANG_WARN_INFINITE_RECURSION = YES;
				CLANG_WARN_INT_CONVERSION = YES;
				CLANG_WARN_OBJC_ROOT_CLASS = YES_ERROR;
				CLANG_WARN_SUSPICIOUS_MOVES = YES;
				CLANG_WARN_UNREACHABLE_CODE = YES;
				CLANG_WARN__DUPLICATE_METHOD_MATCH = YES;
				"CODE_SIGN_IDENTITY[sdk=iphoneos*]" = "iPhone Developer";
				COPY_PHASE_STRIP = NO;
				DEBUG_INFORMATION_FORMAT = dwarf;
				ENABLE_STRICT_OBJC_MSGSEND = YES;
				ENABLE_TESTABILITY = YES;
				GCC_C_LANGUAGE_STANDARD = gnu99;
				GCC_DYNAMIC_NO_PIC = NO;
				GCC_NO_COMMON_BLOCKS = YES;
				GCC_OPTIMIZATION_LEVEL = 0;
				GCC_PREPROCESSOR_DEFINITIONS = (
					"DEBUG=1",
					"$(inherited)",
				);
				GCC_WARN_64_TO_32_BIT_CONVERSION = YES;
				GCC_WARN_ABOUT_RETURN_TYPE = YES_ERROR;
				GCC_WARN_UNDECLARED_SELECTOR = YES;
				GCC_WARN_UNINITIALIZED_AUTOS = YES_AGGRESSIVE;
				GCC_WARN_UNUSED_FUNCTION = YES;
				GCC_WARN_UNUSED_VARIABLE = YES;
				IPHONEOS_DEPLOYMENT_TARGET = 10.0;
				MTL_ENABLE_DEBUG_INFO = YES;
				ONLY_ACTIVE_ARCH = YES;
				SDKROOT = iphoneos;
				SWIFT_ACTIVE_COMPILATION_CONDITIONS = DEBUG;
				SWIFT_OPTIMIZATION_LEVEL = "-Onone";
				TARGETED_DEVICE_FAMILY = "1,2";
			};
			name = Debug;
		};
		E220B08F1DA298F400B31295 /* Release */ = {
			isa = XCBuildConfiguration;
			buildSettings = {
				ALWAYS_SEARCH_USER_PATHS = NO;
				CLANG_ANALYZER_NONNULL = YES;
				CLANG_CXX_LANGUAGE_STANDARD = "gnu++0x";
				CLANG_CXX_LIBRARY = "libc++";
				CLANG_ENABLE_MODULES = YES;
				CLANG_ENABLE_OBJC_ARC = YES;
				CLANG_WARN_BOOL_CONVERSION = YES;
				CLANG_WARN_CONSTANT_CONVERSION = YES;
				CLANG_WARN_DIRECT_OBJC_ISA_USAGE = YES_ERROR;
				CLANG_WARN_DOCUMENTATION_COMMENTS = YES;
				CLANG_WARN_EMPTY_BODY = YES;
				CLANG_WARN_ENUM_CONVERSION = YES;
				CLANG_WARN_INFINITE_RECURSION = YES;
				CLANG_WARN_INT_CONVERSION = YES;
				CLANG_WARN_OBJC_ROOT_CLASS = YES_ERROR;
				CLANG_WARN_SUSPICIOUS_MOVES = YES;
				CLANG_WARN_UNREACHABLE_CODE = YES;
				CLANG_WARN__DUPLICATE_METHOD_MATCH = YES;
				"CODE_SIGN_IDENTITY[sdk=iphoneos*]" = "iPhone Developer";
				COPY_PHASE_STRIP = NO;
				DEBUG_INFORMATION_FORMAT = "dwarf-with-dsym";
				ENABLE_NS_ASSERTIONS = NO;
				ENABLE_STRICT_OBJC_MSGSEND = YES;
				GCC_C_LANGUAGE_STANDARD = gnu99;
				GCC_NO_COMMON_BLOCKS = YES;
				GCC_WARN_64_TO_32_BIT_CONVERSION = YES;
				GCC_WARN_ABOUT_RETURN_TYPE = YES_ERROR;
				GCC_WARN_UNDECLARED_SELECTOR = YES;
				GCC_WARN_UNINITIALIZED_AUTOS = YES_AGGRESSIVE;
				GCC_WARN_UNUSED_FUNCTION = YES;
				GCC_WARN_UNUSED_VARIABLE = YES;
				IPHONEOS_DEPLOYMENT_TARGET = 10.0;
				MTL_ENABLE_DEBUG_INFO = NO;
				SDKROOT = iphoneos;
				SWIFT_OPTIMIZATION_LEVEL = "-Owholemodule";
				TARGETED_DEVICE_FAMILY = "1,2";
				VALIDATE_PRODUCT = YES;
			};
			name = Release;
		};
		E220B0911DA298F400B31295 /* Debug */ = {
			isa = XCBuildConfiguration;
			buildSettings = {
				ASSETCATALOG_COMPILER_APPICON_NAME = AppIcon;
				DEVELOPMENT_TEAM = MGDFYF2DS8;
				INFOPLIST_FILE = NewYearNew/Info.plist;
				LD_RUNPATH_SEARCH_PATHS = "$(inherited) @executable_path/Frameworks";
				PRODUCT_BUNDLE_IDENTIFIER = miem.hse.ru.NewYearNew;
				PRODUCT_NAME = "$(TARGET_NAME)";
				SWIFT_VERSION = 3.0;
				TARGETED_DEVICE_FAMILY = 2;
			};
			name = Debug;
		};
		E220B0921DA298F400B31295 /* Release */ = {
			isa = XCBuildConfiguration;
			buildSettings = {
				ASSETCATALOG_COMPILER_APPICON_NAME = AppIcon;
				DEVELOPMENT_TEAM = MGDFYF2DS8;
				INFOPLIST_FILE = NewYearNew/Info.plist;
				LD_RUNPATH_SEARCH_PATHS = "$(inherited) @executable_path/Frameworks";
				PRODUCT_BUNDLE_IDENTIFIER = miem.hse.ru.NewYearNew;
				PRODUCT_NAME = "$(TARGET_NAME)";
				SWIFT_VERSION = 3.0;
				TARGETED_DEVICE_FAMILY = 2;
			};
			name = Release;
		};
/* End XCBuildConfiguration section */

/* Begin XCConfigurationList section */
		E220B0791DA298F400B31295 /* Build configuration list for PBXProject "NewYearNew" */ = {
			isa = XCConfigurationList;
			buildConfigurations = (
				E220B08E1DA298F400B31295 /* Debug */,
				E220B08F1DA298F400B31295 /* Release */,
			);
			defaultConfigurationIsVisible = 0;
			defaultConfigurationName = Release;
		};
		E220B0901DA298F400B31295 /* Build configuration list for PBXNativeTarget "NewYearNew" */ = {
			isa = XCConfigurationList;
			buildConfigurations = (
				E220B0911DA298F400B31295 /* Debug */,
				E220B0921DA298F400B31295 /* Release */,
			);
			defaultConfigurationIsVisible = 0;
			defaultConfigurationName = Release;
		};
/* End XCConfigurationList section */
	};
	rootObject = E220B0761DA298F400B31295 /* Project object */;
}
